
Microsoft Visual Studio Solution File, Format Version 12.00
# Visual Studio Version 17
VisualStudioVersion = 17.8.34330.188
MinimumVisualStudioVersion = 10.0.40219.1
Project("{FAE04EC0-301F-11D3-BF4B-00C04F79EFBC}") = "feleltetogep", "feleltetogep\feleltetogep.csproj", "{4480988D-3D77-4812-8ED8-C74AD02C90F1}"
EndProject
Global
	GlobalSection(SolutionConfigurationPlatforms) = preSolution
		Debug|Any CPU = Debug|Any CPU
		Release|Any CPU = Release|Any CPU
	EndGlobalSection
	GlobalSection(ProjectConfigurationPlatforms) = postSolution
		{4480988D-3D77-4812-8ED8-C74AD02C90F1}.Debug|Any CPU.ActiveCfg = Debug|Any CPU
		{4480988D-3D77-4812-8ED8-C74AD02C90F1}.Debug|Any CPU.Build.0 = Debug|Any CPU
		{4480988D-3D77-4812-8ED8-C74AD02C90F1}.Release|Any CPU.ActiveCfg = Release|Any CPU
		{4480988D-3D77-4812-8ED8-C74AD02C90F1}.Release|Any CPU.Build.0 = Release|Any CPU
	EndGlobalSection
	GlobalSection(SolutionProperties) = preSolution
		HideSolutionNode = FALSE
	EndGlobalSection
	GlobalSection(ExtensibilityGlobals) = postSolution
		SolutionGuid = {1AFDB750-44E5-41F0-8277-3244B69CD8DE}
	EndGlobalSection
EndGlobal
